
Microsoft Visual Studio Solution File, Format Version 12.00
# Visual Studio Version 16
VisualStudioVersion = 16.0.28803.452
MinimumVisualStudioVersion = 10.0.40219.1
Project("{FAE04EC0-301F-11D3-BF4B-00C04F79EFBC}") = "Bll", "Bll\Bll.csproj", "{3201C319-F9D2-4A0F-8264-9F770E707EAB}"
EndProject
Project("{FAE04EC0-301F-11D3-BF4B-00C04F79EFBC}") = "BllTest", "BllTest\BllTest.csproj", "{C9DFE935-DAD4-419A-ADD2-543ECBCD3279}"
EndProject
Project("{FAE04EC0-301F-11D3-BF4B-00C04F79EFBC}") = "Services", "Services\Services.csproj", "{300CCF7A-0B9D-403B-9B4C-3CF257C11DBD}"
EndProject
Project("{FAE04EC0-301F-11D3-BF4B-00C04F79EFBC}") = "UI", "UI\UI.csproj", "{9633B0A4-7BC8-4C98-AE0F-B0617BE967D2}"
EndProject
Project("{2150E333-8FDC-42A3-9474-1A3956D46DE8}") = "Solution Items", "Solution Items", "{B9C55BFF-A656-4BB8-8699-F00D94754AEC}"
	ProjectSection(SolutionItems) = preProject
		SQLCaseStudy.sql = SQLCaseStudy.sql
	EndProjectSection
EndProject
Global
	GlobalSection(SolutionConfigurationPlatforms) = preSolution
		Debug|Any CPU = Debug|Any CPU
		Release|Any CPU = Release|Any CPU
	EndGlobalSection
	GlobalSection(ProjectConfigurationPlatforms) = postSolution
		{3201C319-F9D2-4A0F-8264-9F770E707EAB}.Debug|Any CPU.ActiveCfg = Debug|Any CPU
		{3201C319-F9D2-4A0F-8264-9F770E707EAB}.Debug|Any CPU.Build.0 = Debug|Any CPU
		{3201C319-F9D2-4A0F-8264-9F770E707EAB}.Release|Any CPU.ActiveCfg = Release|Any CPU
		{3201C319-F9D2-4A0F-8264-9F770E707EAB}.Release|Any CPU.Build.0 = Release|Any CPU
		{C9DFE935-DAD4-419A-ADD2-543ECBCD3279}.Debug|Any CPU.ActiveCfg = Debug|Any CPU
		{C9DFE935-DAD4-419A-ADD2-543ECBCD3279}.Debug|Any CPU.Build.0 = Debug|Any CPU
		{C9DFE935-DAD4-419A-ADD2-543ECBCD3279}.Release|Any CPU.ActiveCfg = Release|Any CPU
		{C9DFE935-DAD4-419A-ADD2-543ECBCD3279}.Release|Any CPU.Build.0 = Release|Any CPU
		{300CCF7A-0B9D-403B-9B4C-3CF257C11DBD}.Debug|Any CPU.ActiveCfg = Debug|Any CPU
		{300CCF7A-0B9D-403B-9B4C-3CF257C11DBD}.Debug|Any CPU.Build.0 = Debug|Any CPU
		{300CCF7A-0B9D-403B-9B4C-3CF257C11DBD}.Release|Any CPU.ActiveCfg = Release|Any CPU
		{300CCF7A-0B9D-403B-9B4C-3CF257C11DBD}.Release|Any CPU.Build.0 = Release|Any CPU
		{9633B0A4-7BC8-4C98-AE0F-B0617BE967D2}.Debug|Any CPU.ActiveCfg = Debug|Any CPU
		{9633B0A4-7BC8-4C98-AE0F-B0617BE967D2}.Debug|Any CPU.Build.0 = Debug|Any CPU
		{9633B0A4-7BC8-4C98-AE0F-B0617BE967D2}.Release|Any CPU.ActiveCfg = Release|Any CPU
		{9633B0A4-7BC8-4C98-AE0F-B0617BE967D2}.Release|Any CPU.Build.0 = Release|Any CPU
	EndGlobalSection
	GlobalSection(SolutionProperties) = preSolution
		HideSolutionNode = FALSE
	EndGlobalSection
	GlobalSection(ExtensibilityGlobals) = postSolution
		SolutionGuid = {D961A3E9-572C-4495-90F5-3BF3E17ECCA2}
	EndGlobalSection
EndGlobal
